PODS:
  - AFNetworking (3.1.0):
    - AFNetworking/NSURLSession (= 3.1.0)
    - AFNetworking/Reachability (= 3.1.0)
    - AFNetworking/Security (= 3.1.0)
    - AFNetworking/Serialization (= 3.1.0)
    - AFNetworking/UIKit (= 3.1.0)
  - AFNetworking/NSURLSession (3.1.0):
    - AFNetworking/Reachability
    - AFNetworking/Security
    - AFNetworking/Serialization
  - AFNetworking/Reachability (3.1.0)
  - AFNetworking/Security (3.1.0)
  - AFNetworking/Serialization (3.1.0)
  - AFNetworking/UIKit (3.1.0):
    - AFNetworking/NSURLSession
  - CBStoreHouseRefreshControl (1.0)
  - DZNEmptyDataSet (1.8.1)
  - FBRetainCycleDetector (0.1.3)
  - FLEX (2.4.0)
  - FMDB (2.6.2):
    - FMDB/standard (= 2.6.2)
  - FMDB/standard (2.6.2)
  - IQKeyboardManager (5.0.6)
  - JPFPSStatus (0.1.1)
  - libextobjc (0.4.1):
    - libextobjc/EXTADT (= 0.4.1)
    - libextobjc/EXTConcreteProtocol (= 0.4.1)
    - libextobjc/EXTKeyPathCoding (= 0.4.1)
    - libextobjc/EXTNil (= 0.4.1)
    - libextobjc/EXTSafeCategory (= 0.4.1)
    - libextobjc/EXTScope (= 0.4.1)
    - libextobjc/EXTSelectorChecking (= 0.4.1)
    - libextobjc/EXTSynthesize (= 0.4.1)
    - libextobjc/NSInvocation+EXT (= 0.4.1)
    - libextobjc/NSMethodSignature+EXT (= 0.4.1)
    - libextobjc/RuntimeExtensions (= 0.4.1)
    - libextobjc/UmbrellaHeader (= 0.4.1)
  - libextobjc/EXTADT (0.4.1):
    - libextobjc/RuntimeExtensions
  - libextobjc/EXTConcreteProtocol (0.4.1):
    - libextobjc/RuntimeExtensions
  - libextobjc/EXTKeyPathCoding (0.4.1):
    - libextobjc/RuntimeExtensions
  - libextobjc/EXTNil (0.4.1):
    - libextobjc/RuntimeExtensions
  - libextobjc/EXTSafeCategory (0.4.1):
    - libextobjc/RuntimeExtensions
  - libextobjc/EXTScope (0.4.1):
    - libextobjc/RuntimeExtensions
  - libextobjc/EXTSelectorChecking (0.4.1):
    - libextobjc/RuntimeExtensions
  - libextobjc/EXTSynthesize (0.4.1):
    - libextobjc/RuntimeExtensions
  - libextobjc/NSInvocation+EXT (0.4.1):
    - libextobjc/RuntimeExtensions
  - libextobjc/NSMethodSignature+EXT (0.4.1):
    - libextobjc/RuntimeExtensions
  - libextobjc/RuntimeExtensions (0.4.1)
  - libextobjc/UmbrellaHeader (0.4.1)
  - Masonry (1.1.0)
  - MJExtension (3.0.13)
  - MLeaksFinder (1.0.0):
    - FBRetainCycleDetector
  - pop (1.0.10)
  - ReactiveObjC (3.0.0)
  - SDCycleScrollView (1.74):
    - SDWebImage (>= 4.0.0)
  - SDWebImage (4.2.2):
    - SDWebImage/Core (= 4.2.2)
  - SDWebImage/Core (4.2.2)
  - SSKeychain (1.2.3)
  - SVProgressHUD (2.2.2)
  - Toast (3.1.0)
  - TZImagePickerController (1.9.5)
  - WebViewJavascriptBridge (6.0.3)
  - WZLBadge (1.2.6)
  - YTKNetwork (2.0.4):
    - AFNetworking (~> 3.0)
  - YYCategories (1.0.4):
    - YYCategories/no-arc (= 1.0.4)
  - YYCategories/no-arc (1.0.4)
  - YYModel (1.0.4)
  - YYText (1.0.7)
  - ZYCornerRadius (1.0.2)

DEPENDENCIES:
  - AFNetworking (~> 3.1.0)
  - CBStoreHouseRefreshControl
  - DZNEmptyDataSet
  - FLEX (~> 2.0)
  - FMDB (= 2.6.2)
  - IQKeyboardManager (~> 5.0.6)
  - JPFPSStatus (~> 0.1.1)
  - libextobjc (= 0.4.1)
  - Masonry (~> 1.1.0)
  - MJExtension (~> 3.0.13)
  - MLeaksFinder
  - pop (~> 1.0.10)
  - ReactiveObjC (~> 3.0.0)
  - SDCycleScrollView (~> 1.74)
  - SDWebImage (~> 4.2.2)
  - SSKeychain (= 1.2.3)
  - SVProgressHUD
  - Toast
  - TZImagePickerController (~> 1.9.5)
  - WebViewJavascriptBridge (~> 6.0.2)
  - WZLBadge (= 1.2.6)
  - YTKNetwork (~> 2.0.4)
  - YYCategories (~> 1.0.4)
  - YYModel (= 1.0.4)
  - YYText (~> 1.0.7)
  - ZYCornerRadius (= 1.0.2)

SPEC CHECKSUMS:
  AFNetworking: 5e0e199f73d8626b11e79750991f5d173d1f8b67
  CBStoreHouseRefreshControl: a814bd725e74ff4c1e8dd96eb02358199b0da04f
  DZNEmptyDataSet: 9525833b9e68ac21c30253e1d3d7076cc828eaa7
  FBRetainCycleDetector: f0c7b290bf48ae77f6ae060843ce34ae341781eb
  FLEX: bd1a39e55b56bb413b6f1b34b3c10a0dc44ef079
  FMDB: 854a0341b4726e53276f2a8996f06f1b80f9259a
  IQKeyboardManager: 077b7f691dfa9d69db9cff66f2bed68ebfc02d9b
  JPFPSStatus: 03f32aa3d4d7d0c5bf56f6f3e7cf8b7280a5f52c
  libextobjc: a650fc1bf489a3d3a9bc2e621efa3e1006fc5471
  Masonry: 678fab65091a9290e40e2832a55e7ab731aad201
  MJExtension: 5932755f451458eefa24239358817f8d291240c7
  MLeaksFinder: 8c435bd2f6d070af18cff082b503b21adc130fc0
  pop: 82ca6b068ce9278fd350fd9dd09482a0ce9492e6
  ReactiveObjC: ce79989e8684b9086b5f8d0c74bc7b81a8729c9e
  SDCycleScrollView: f821215226f6146a35470721a9d6e83ec5cfb04b
  SDWebImage: 89a9d32cd520bbb46eb14e541d5109b3564af198
  SSKeychain: 3f42991739c6c60a9cf1bbd4dff6c0d3694bcf3d
  SVProgressHUD: 59b2d3dabacbd051576d21d32293ca7228dc18b0
  Toast: 14a93686d6c8bfe2727afd342414e35660a8a1f3
  TZImagePickerController: 3f735f4ad5ca6a292a762216d404f9d7a83adad4
  WebViewJavascriptBridge: 7f5bc4d3581e672e8f32bd0f812d54bc69bb8e29
  WZLBadge: 9ec779dcfd94c825518b395e8315fccaabff1bfa
  YTKNetwork: df8a7a5597bda1664a4efaa7ef871a818a887fe0
  YYCategories: 6bcd4314c6661a561410dce4a793379ebd306abd
  YYModel: 2a7fdd96aaa4b86a824e26d0c517de8928c04b30
  YYText: 5c461d709e24d55a182d1441c41dc639a18a4849
  ZYCornerRadius: f0af817be7805b5c63d793042ca7a03f81e14069

PODFILE CHECKSUM: dc9714112c0f177451d7f4f8c8553c06fd204496

COCOAPODS: 1.3.1
